
Microsoft Visual Studio Solution File, Format Version 12.00
# Visual Studio Version 17
VisualStudioVersion = 17.4.33122.133
MinimumVisualStudioVersion = 10.0.40219.1
Project("{9A19103F-16F7-4668-BE54-9A1E7A4F7556}") = "InvoiceGeneratorCollarCompany", "InvoiceGeneratorCollarCompany\InvoiceGeneratorCollarCompany.csproj", "{17B49D37-1BBB-4636-9714-47B41194E3BA}"
EndProject
Project("{9A19103F-16F7-4668-BE54-9A1E7A4F7556}") = "Domain", "DomainInvoiceGenerator\Domain.csproj", "{7DA1293B-4818-4DDA-AF1A-4F382EDD3BAA}"
EndProject
Project("{9A19103F-16F7-4668-BE54-9A1E7A4F7556}") = "Application", "ApplicationInvoiceGenerator\Application.csproj", "{D908512B-A960-4E45-983B-378AFB42DDB4}"
EndProject
Project("{9A19103F-16F7-4668-BE54-9A1E7A4F7556}") = "Infrastructures", "InterfacesInvoiceGenerator\Infrastructures.csproj", "{C0FF7A99-8A7B-463C-9721-318E9E94EF07}"
EndProject
Project("{9A19103F-16F7-4668-BE54-9A1E7A4F7556}") = "InvoiceGenerator.IntegrationTest", "InvoiceGenerator.IntegrationTest\InvoiceGenerator.IntegrationTest.csproj", "{51D96F3B-2AF2-4DC0-BA14-231D70F269F2}"
EndProject
Project("{FAE04EC0-301F-11D3-BF4B-00C04F79EFBC}") = "InvoiceGenerator.UnitTest", "InvoiceGenerator.UnitTest\InvoiceGenerator.UnitTest.csproj", "{8F83E2B7-8AC7-4D98-9B8F-8CCAD472E3D2}"
EndProject
Global
	GlobalSection(SolutionConfigurationPlatforms) = preSolution
		Debug|Any CPU = Debug|Any CPU
		Release|Any CPU = Release|Any CPU
	EndGlobalSection
	GlobalSection(ProjectConfigurationPlatforms) = postSolution
		{17B49D37-1BBB-4636-9714-47B41194E3BA}.Debug|Any CPU.ActiveCfg = Debug|Any CPU
		{17B49D37-1BBB-4636-9714-47B41194E3BA}.Debug|Any CPU.Build.0 = Debug|Any CPU
		{17B49D37-1BBB-4636-9714-47B41194E3BA}.Release|Any CPU.ActiveCfg = Release|Any CPU
		{17B49D37-1BBB-4636-9714-47B41194E3BA}.Release|Any CPU.Build.0 = Release|Any CPU
		{7DA1293B-4818-4DDA-AF1A-4F382EDD3BAA}.Debug|Any CPU.ActiveCfg = Debug|Any CPU
		{7DA1293B-4818-4DDA-AF1A-4F382EDD3BAA}.Debug|Any CPU.Build.0 = Debug|Any CPU
		{7DA1293B-4818-4DDA-AF1A-4F382EDD3BAA}.Release|Any CPU.ActiveCfg = Release|Any CPU
		{7DA1293B-4818-4DDA-AF1A-4F382EDD3BAA}.Release|Any CPU.Build.0 = Release|Any CPU
		{D908512B-A960-4E45-983B-378AFB42DDB4}.Debug|Any CPU.ActiveCfg = Debug|Any CPU
		{D908512B-A960-4E45-983B-378AFB42DDB4}.Debug|Any CPU.Build.0 = Debug|Any CPU
		{D908512B-A960-4E45-983B-378AFB42DDB4}.Release|Any CPU.ActiveCfg = Release|Any CPU
		{D908512B-A960-4E45-983B-378AFB42DDB4}.Release|Any CPU.Build.0 = Release|Any CPU
		{C0FF7A99-8A7B-463C-9721-318E9E94EF07}.Debug|Any CPU.ActiveCfg = Debug|Any CPU
		{C0FF7A99-8A7B-463C-9721-318E9E94EF07}.Debug|Any CPU.Build.0 = Debug|Any CPU
		{C0FF7A99-8A7B-463C-9721-318E9E94EF07}.Release|Any CPU.ActiveCfg = Release|Any CPU
		{C0FF7A99-8A7B-463C-9721-318E9E94EF07}.Release|Any CPU.Build.0 = Release|Any CPU
		{51D96F3B-2AF2-4DC0-BA14-231D70F269F2}.Debug|Any CPU.ActiveCfg = Debug|Any CPU
		{51D96F3B-2AF2-4DC0-BA14-231D70F269F2}.Debug|Any CPU.Build.0 = Debug|Any CPU
		{51D96F3B-2AF2-4DC0-BA14-231D70F269F2}.Release|Any CPU.ActiveCfg = Release|Any CPU
		{51D96F3B-2AF2-4DC0-BA14-231D70F269F2}.Release|Any CPU.Build.0 = Release|Any CPU
		{8F83E2B7-8AC7-4D98-9B8F-8CCAD472E3D2}.Debug|Any CPU.ActiveCfg = Debug|Any CPU
		{8F83E2B7-8AC7-4D98-9B8F-8CCAD472E3D2}.Debug|Any CPU.Build.0 = Debug|Any CPU
		{8F83E2B7-8AC7-4D98-9B8F-8CCAD472E3D2}.Release|Any CPU.ActiveCfg = Release|Any CPU
		{8F83E2B7-8AC7-4D98-9B8F-8CCAD472E3D2}.Release|Any CPU.Build.0 = Release|Any CPU
	EndGlobalSection
	GlobalSection(SolutionProperties) = preSolution
		HideSolutionNode = FALSE
	EndGlobalSection
	GlobalSection(ExtensibilityGlobals) = postSolution
		SolutionGuid = {5C0CF17E-9DFE-4D25-A7BD-DC606FB29AF7}
	EndGlobalSection
EndGlobal
